// !$*UTF8*$!
{
	archiveVersion = 1;
	classes = {
	};
	objectVersion = 46;
	objects = {

/* Begin PBXBuildFile section */
		DB0C72841926FC2B0076C1A4 /* QuartzCore.framework in Frameworks */ = {isa = PBXBuildFile; fileRef = DB0C72831926FC2B0076C1A4 /* QuartzCore.framework */; };
		DB0C72861926FC330076C1A4 /* OpenGLES.framework in Frameworks */ = {isa = PBXBuildFile; fileRef = DB0C72851926FC330076C1A4 /* OpenGLES.framework */; };
		DB0C72891926FD3D0076C1A4 /* RenderingEngine2.cpp in Sources */ = {isa = PBXBuildFile; fileRef = DB0C72871926FD3D0076C1A4 /* RenderingEngine2.cpp */; };
		DB0C728D1926FE4F0076C1A4 /* Simple.frag in Resources */ = {isa = PBXBuildFile; fileRef = DB0C728B1926FE4F0076C1A4 /* Simple.frag */; };
		DB0C728E1926FE4F0076C1A4 /* Simple.vert in Resources */ = {isa = PBXBuildFile; fileRef = DB0C728C1926FE4F0076C1A4 /* Simple.vert */; };
		DBD3FEB31922D8EC000B293B /* Foundation.framework in Frameworks */ = {isa = PBXBuildFile; fileRef = DBD3FEB21922D8EC000B293B /* Foundation.framework */; };
		DBD3FEB51922D8EC000B293B /* CoreGraphics.framework in Frameworks */ = {isa = PBXBuildFile; fileRef = DBD3FEB41922D8EC000B293B /* CoreGraphics.framework */; };
		DBD3FEB71922D8EC000B293B /* UIKit.framework in Frameworks */ = {isa = PBXBuildFile; fileRef = DBD3FEB61922D8EC000B293B /* UIKit.framework */; };
		DBD3FEBD1922D8EC000B293B /* InfoPlist.strings in Resources */ = {isa = PBXBuildFile; fileRef = DBD3FEBB1922D8EC000B293B /* InfoPlist.strings */; };
		DBD3FEBF1922D8EC000B293B /* main.mm in Sources */ = {isa = PBXBuildFile; fileRef = DBD3FEBE1922D8EC000B293B /* main.mm */; };
		DBD3FEC31922D8EC000B293B /* AppDelegate.mm in Sources */ = {isa = PBXBuildFile; fileRef = DBD3FEC21922D8EC000B293B /* AppDelegate.mm */; };
		DBD3FEC61922D8EC000B293B /* Main.storyboard in Resources */ = {isa = PBXBuildFile; fileRef = DBD3FEC41922D8EC000B293B /* Main.storyboard */; };
		DBD3FECB1922D8EC000B293B /* Images.xcassets in Resources */ = {isa = PBXBuildFile; fileRef = DBD3FECA1922D8EC000B293B /* Images.xcassets */; };
		DBD3FED21922D8EC000B293B /* XCTest.framework in Frameworks */ = {isa = PBXBuildFile; fileRef = DBD3FED11922D8EC000B293B /* XCTest.framework */; };
		DBD3FED31922D8EC000B293B /* Foundation.framework in Frameworks */ = {isa = PBXBuildFile; fileRef = DBD3FEB21922D8EC000B293B /* Foundation.framework */; };
		DBD3FED41922D8EC000B293B /* UIKit.framework in Frameworks */ = {isa = PBXBuildFile; fileRef = DBD3FEB61922D8EC000B293B /* UIKit.framework */; };
		DBD3FEDC1922D8EC000B293B /* InfoPlist.strings in Resources */ = {isa = PBXBuildFile; fileRef = DBD3FEDA1922D8EC000B293B /* InfoPlist.strings */; };
		DBD3FEDE1922D8EC000B293B /* TouchConeTests.m in Sources */ = {isa = PBXBuildFile; fileRef = DBD3FEDD1922D8EC000B293B /* TouchConeTests.m */; };
		DBD3FEE91922D935000B293B /* GLView.mm in Sources */ = {isa = PBXBuildFile; fileRef = DBD3FEE81922D935000B293B /* GLView.mm */; };
		DBD3FEED1922D981000B293B /* RenderingEngine1.cpp in Sources */ = {isa = PBXBuildFile; fileRef = DBD3FEEB1922D981000B293B /* RenderingEngine1.cpp */; };
/* End PBXBuildFile section */

/* Begin PBXContainerItemProxy section */
		DBD3FED51922D8EC000B293B /* PBXContainerItemProxy */ = {
			isa = PBXContainerItemProxy;
			containerPortal = DBD3FEA71922D8EC000B293B /* Project object */;
			proxyType = 1;
			remoteGlobalIDString = DBD3FEAE1922D8EC000B293B;
			remoteInfo = TouchCone;
		};
/* End PBXContainerItemProxy section */

/* Begin PBXFileReference section */
		DB0C72831926FC2B0076C1A4 /* QuartzCore.framework */ = {isa = PBXFileReference; lastKnownFileType = wrapper.framework; name = QuartzCore.framework; path = System/Library/Frameworks/QuartzCore.framework; sourceTree = SDKROOT; };
		DB0C72851926FC330076C1A4 /* OpenGLES.framework */ = {isa = PBXFileReference; lastKnownFileType = wrapper.framework; name = OpenGLES.framework; path = System/Library/Frameworks/OpenGLES.framework; sourceTree = SDKROOT; };
		DB0C72871926FD3D0076C1A4 /* RenderingEngine2.cpp */ = {isa = PBXFileReference; fileEncoding = 4; lastKnownFileType = sourcecode.cpp.cpp; path = RenderingEngine2.cpp; sourceTree = "<group>"; };
		DB0C728B1926FE4F0076C1A4 /* Simple.frag */ = {isa = PBXFileReference; fileEncoding = 4; lastKnownFileType = sourcecode.glsl; name = Simple.frag; path = Shaders/Simple.frag; sourceTree = "<group>"; };
		DB0C728C1926FE4F0076C1A4 /* Simple.vert */ = {isa = PBXFileReference; fileEncoding = 4; lastKnownFileType = sourcecode.glsl; name = Simple.vert; path = Shaders/Simple.vert; sourceTree = "<group>"; };
		DBD3FEAF1922D8EC000B293B /* TouchCone.app */ = {isa = PBXFileReference; explicitFileType = wrapper.application; includeInIndex = 0; path = TouchCone.app; sourceTree = BUILT_PRODUCTS_DIR; };
		DBD3FEB21922D8EC000B293B /* Foundation.framework */ = {isa = PBXFileReference; lastKnownFileType = wrapper.framework; name = Foundation.framework; path = System/Library/Frameworks/Foundation.framework; sourceTree = SDKROOT; };
		DBD3FEB41922D8EC000B293B /* CoreGraphics.framework */ = {isa = PBXFileReference; lastKnownFileType = wrapper.framework; name = CoreGraphics.framework; path = System/Library/Frameworks/CoreGraphics.framework; sourceTree = SDKROOT; };
		DBD3FEB61922D8EC000B293B /* UIKit.framework */ = {isa = PBXFileReference; lastKnownFileType = wrapper.framework; name = UIKit.framework; path = System/Library/Frameworks/UIKit.framework; sourceTree = SDKROOT; };
		DBD3FEBA1922D8EC000B293B /* TouchCone-Info.plist */ = {isa = PBXFileReference; lastKnownFileType = text.plist.xml; path = "TouchCone-Info.plist"; sourceTree = "<group>"; };
		DBD3FEBC1922D8EC000B293B /* en */ = {isa = PBXFileReference; lastKnownFileType = text.plist.strings; name = en; path = en.lproj/InfoPlist.strings; sourceTree = "<group>"; };
		DBD3FEBE1922D8EC000B293B /* main.mm */ = {isa = PBXFileReference; lastKnownFileType = sourcecode.cpp.objcpp; path = main.mm; sourceTree = "<group>"; };
		DBD3FEC01922D8EC000B293B /* TouchCone-Prefix.pch */ = {isa = PBXFileReference; lastKnownFileType = sourcecode.c.h; path = "TouchCone-Prefix.pch"; sourceTree = "<group>"; };
		DBD3FEC11922D8EC000B293B /* AppDelegate.h */ = {isa = PBXFileReference; lastKnownFileType = sourcecode.c.h; path = AppDelegate.h; sourceTree = "<group>"; };
		DBD3FEC21922D8EC000B293B /* AppDelegate.mm */ = {isa = PBXFileReference; lastKnownFileType = sourcecode.cpp.objcpp; path = AppDelegate.mm; sourceTree = "<group>"; };
		DBD3FEC51922D8EC000B293B /* Base */ = {isa = PBXFileReference; lastKnownFileType = file.storyboard; name = Base; path = Base.lproj/Main.storyboard; sourceTree = "<group>"; };
		DBD3FECA1922D8EC000B293B /* Images.xcassets */ = {isa = PBXFileReference; lastKnownFileType = folder.assetcatalog; path = Images.xcassets; sourceTree = "<group>"; };
		DBD3FED01922D8EC000B293B /* TouchConeTests.xctest */ = {isa = PBXFileReference; explicitFileType = wrapper.cfbundle; includeInIndex = 0; path = TouchConeTests.xctest; sourceTree = BUILT_PRODUCTS_DIR; };
		DBD3FED11922D8EC000B293B /* XCTest.framework */ = {isa = PBXFileReference; lastKnownFileType = wrapper.framework; name = XCTest.framework; path = Library/Frameworks/XCTest.framework; sourceTree = DEVELOPER_DIR; };
		DBD3FED91922D8EC000B293B /* TouchConeTests-Info.plist */ = {isa = PBXFileReference; lastKnownFileType = text.plist.xml; path = "TouchConeTests-Info.plist"; sourceTree = "<group>"; };
		DBD3FEDB1922D8EC000B293B /* en */ = {isa = PBXFileReference; lastKnownFileType = text.plist.strings; name = en; path = en.lproj/InfoPlist.strings; sourceTree = "<group>"; };
		DBD3FEDD1922D8EC000B293B /* TouchConeTests.m */ = {isa = PBXFileReference; lastKnownFileType = sourcecode.c.objc; path = TouchConeTests.m; sourceTree = "<group>"; };
		DBD3FEE71922D935000B293B /* GLView.h */ = {isa = PBXFileReference; fileEncoding = 4; lastKnownFileType = sourcecode.c.h; path = GLView.h; sourceTree = "<group>"; };
		DBD3FEE81922D935000B293B /* GLView.mm */ = {isa = PBXFileReference; fileEncoding = 4; lastKnownFileType = sourcecode.cpp.objcpp; path = GLView.mm; sourceTree = "<group>"; };
		DBD3FEEA1922D963000B293B /* IRenderingEngine.hpp */ = {isa = PBXFileReference; fileEncoding = 4; lastKnownFileType = sourcecode.cpp.h; path = IRenderingEngine.hpp; sourceTree = "<group>"; };
		DBD3FEEB1922D981000B293B /* RenderingEngine1.cpp */ = {isa = PBXFileReference; fileEncoding = 4; lastKnownFileType = sourcecode.cpp.cpp; path = RenderingEngine1.cpp; sourceTree = "<group>"; };
		DBD3FEEF1922DB23000B293B /* Vector.hpp */ = {isa = PBXFileReference; lastKnownFileType = sourcecode.cpp.h; path = Vector.hpp; sourceTree = "<group>"; };
		DBD3FEF01922DB57000B293B /* Matrix.hpp */ = {isa = PBXFileReference; fileEncoding = 4; lastKnownFileType = sourcecode.cpp.h; path = Matrix.hpp; sourceTree = "<group>"; };
		DBD3FEF11922DB77000B293B /* Quaternion.hpp */ = {isa = PBXFileReference; fileEncoding = 4; lastKnownFileType = sourcecode.cpp.h; path = Quaternion.hpp; sourceTree = "<group>"; };
/* End PBXFileReference section */

/* Begin PBXFrameworksBuildPhase section */
		DBD3FEAC1922D8EC000B293B /* Frameworks */ = {
			isa = PBXFrameworksBuildPhase;
			buildActionMask = 2147483647;
			files = (
				DB0C72861926FC330076C1A4 /* OpenGLES.framework in Frameworks */,
				DB0C72841926FC2B0076C1A4 /* QuartzCore.framework in Frameworks */,
				DBD3FEB51922D8EC000B293B /* CoreGraphics.framework in Frameworks */,
				DBD3FEB71922D8EC000B293B /* UIKit.framework in Frameworks */,
				DBD3FEB31922D8EC000B293B /* Foundation.framework in Frameworks */,
			);
			runOnlyForDeploymentPostprocessing = 0;
		};
		DBD3FECD1922D8EC000B293B /* Frameworks */ = {
			isa = PBXFrameworksBuildPhase;
			buildActionMask = 2147483647;
			files = (
				DBD3FED21922D8EC000B293B /* XCTest.framework in Frameworks */,
				DBD3FED41922D8EC000B293B /* UIKit.framework in Frameworks */,
				DBD3FED31922D8EC000B293B /* Foundation.framework in Frameworks */,
			);
			runOnlyForDeploymentPostprocessing = 0;
		};
/* End PBXFrameworksBuildPhase section */

/* Begin PBXGroup section */
		DB0C728A1926FE2E0076C1A4 /* Shaders */ = {
			isa = PBXGroup;
			children = (
				DB0C728B1926FE4F0076C1A4 /* Simple.frag */,
				DB0C728C1926FE4F0076C1A4 /* Simple.vert */,
			);
			name = Shaders;
			sourceTree = "<group>";
		};
		DBD3FEA61922D8EC000B293B = {
			isa = PBXGroup;
			children = (
				DB0C728A1926FE2E0076C1A4 /* Shaders */,
				DBD3FEB81922D8EC000B293B /* TouchCone */,
				DBD3FED71922D8EC000B293B /* TouchConeTests */,
				DBD3FEB11922D8EC000B293B /* Frameworks */,
				DBD3FEB01922D8EC000B293B /* Products */,
			);
			sourceTree = "<group>";
		};
		DBD3FEB01922D8EC000B293B /* Products */ = {
			isa = PBXGroup;
			children = (
				DBD3FEAF1922D8EC000B293B /* TouchCone.app */,
				DBD3FED01922D8EC000B293B /* TouchConeTests.xctest */,
			);
			name = Products;
			sourceTree = "<group>";
		};
		DBD3FEB11922D8EC000B293B /* Frameworks */ = {
			isa = PBXGroup;
			children = (
				DB0C72851926FC330076C1A4 /* OpenGLES.framework */,
				DB0C72831926FC2B0076C1A4 /* QuartzCore.framework */,
				DBD3FEB21922D8EC000B293B /* Foundation.framework */,
				DBD3FEB41922D8EC000B293B /* CoreGraphics.framework */,
				DBD3FEB61922D8EC000B293B /* UIKit.framework */,
				DBD3FED11922D8EC000B293B /* XCTest.framework */,
			);
			name = Frameworks;
			sourceTree = "<group>";
		};
		DBD3FEB81922D8EC000B293B /* TouchCone */ = {
			isa = PBXGroup;
			children = (
				DBD3FEEE1922DB0F000B293B /* Models */,
				DBD3FEC11922D8EC000B293B /* AppDelegate.h */,
				DBD3FEC21922D8EC000B293B /* AppDelegate.mm */,
				DBD3FEE71922D935000B293B /* GLView.h */,
				DBD3FEE81922D935000B293B /* GLView.mm */,
				DBD3FEEA1922D963000B293B /* IRenderingEngine.hpp */,
				DBD3FEEB1922D981000B293B /* RenderingEngine1.cpp */,
				DB0C72871926FD3D0076C1A4 /* RenderingEngine2.cpp */,
				DBD3FEC41922D8EC000B293B /* Main.storyboard */,
				DBD3FECA1922D8EC000B293B /* Images.xcassets */,
				DBD3FEB91922D8EC000B293B /* Supporting Files */,
			);
			path = TouchCone;
			sourceTree = "<group>";
		};
		DBD3FEB91922D8EC000B293B /* Supporting Files */ = {
			isa = PBXGroup;
			children = (
				DBD3FEBA1922D8EC000B293B /* TouchCone-Info.plist */,
				DBD3FEBB1922D8EC000B293B /* InfoPlist.strings */,
				DBD3FEBE1922D8EC000B293B /* main.mm */,
				DBD3FEC01922D8EC000B293B /* TouchCone-Prefix.pch */,
			);
			name = "Supporting Files";
			sourceTree = "<group>";
		};
		DBD3FED71922D8EC000B293B /* TouchConeTests */ = {
			isa = PBXGroup;
			children = (
				DBD3FEDD1922D8EC000B293B /* TouchConeTests.m */,
				DBD3FED81922D8EC000B293B /* Supporting Files */,
			);
			path = TouchConeTests;
			sourceTree = "<group>";
		};
		DBD3FED81922D8EC000B293B /* Supporting Files */ = {
			isa = PBXGroup;
			children = (
				DBD3FED91922D8EC000B293B /* TouchConeTests-Info.plist */,
				DBD3FEDA1922D8EC000B293B /* InfoPlist.strings */,
			);
			name = "Supporting Files";
			sourceTree = "<group>";
		};
		DBD3FEEE1922DB0F000B293B /* Models */ = {
			isa = PBXGroup;
			children = (
				DBD3FEEF1922DB23000B293B /* Vector.hpp */,
				DBD3FEF01922DB57000B293B /* Matrix.hpp */,
				DBD3FEF11922DB77000B293B /* Quaternion.hpp */,
			);
			name = Models;
			sourceTree = "<group>";
		};
/* End PBXGroup section */

/* Begin PBXNativeTarget section */
		DBD3FEAE1922D8EC000B293B /* TouchCone */ = {
			isa = PBXNativeTarget;
			buildConfigurationList = DBD3FEE11922D8EC000B293B /* Build configuration list for PBXNativeTarget "TouchCone" */;
			buildPhases = (
				DBD3FEAB1922D8EC000B293B /* Sources */,
				DBD3FEAC1922D8EC000B293B /* Frameworks */,
				DBD3FEAD1922D8EC000B293B /* Resources */,
			);
			buildRules = (
			);
			dependencies = (
			);
			name = TouchCone;
			productName = TouchCone;
			productReference = DBD3FEAF1922D8EC000B293B /* TouchCone.app */;
			productType = "com.apple.product-type.application";
		};
		DBD3FECF1922D8EC000B293B /* TouchConeTests */ = {
			isa = PBXNativeTarget;
			buildConfigurationList = DBD3FEE41922D8EC000B293B /* Build configuration list for PBXNativeTarget "TouchConeTests" */;
			buildPhases = (
				DBD3FECC1922D8EC000B293B /* Sources */,
				DBD3FECD1922D8EC000B293B /* Frameworks */,
				DBD3FECE1922D8EC000B293B /* Resources */,
			);
			buildRules = (
			);
			dependencies = (
				DBD3FED61922D8EC000B293B /* PBXTargetDependency */,
			);
			name = TouchConeTests;
			productName = TouchConeTests;
			productReference = DBD3FED01922D8EC000B293B /* TouchConeTests.xctest */;
			productType = "com.apple.product-type.bundle.unit-test";
		};
/* End PBXNativeTarget section */

/* Begin PBXProject section */
		DBD3FEA71922D8EC000B293B /* Project object */ = {
			isa = PBXProject;
			attributes = {
				LastUpgradeCheck = 0510;
				ORGANIZATIONNAME = "com.*";
				TargetAttributes = {
					DBD3FECF1922D8EC000B293B = {
						TestTargetID = DBD3FEAE1922D8EC000B293B;
					};
				};
			};
			buildConfigurationList = DBD3FEAA1922D8EC000B293B /* Build configuration list for PBXProject "TouchCone" */;
			compatibilityVersion = "Xcode 3.2";
			developmentRegion = English;
			hasScannedForEncodings = 0;
			knownRegions = (
				en,
				Base,
			);
			mainGroup = DBD3FEA61922D8EC000B293B;
			productRefGroup = DBD3FEB01922D8EC000B293B /* Products */;
			projectDirPath = "";
			projectRoot = "";
			targets = (
				DBD3FEAE1922D8EC000B293B /* TouchCone */,
				DBD3FECF1922D8EC000B293B /* TouchConeTests */,
			);
		};
/* End PBXProject section */

/* Begin PBXResourcesBuildPhase section */
		DBD3FEAD1922D8EC000B293B /* Resources */ = {
			isa = PBXResourcesBuildPhase;
			buildActionMask = 2147483647;
			files = (
				DBD3FECB1922D8EC000B293B /* Images.xcassets in Resources */,
				DBD3FEBD1922D8EC000B293B /* InfoPlist.strings in Resources */,
				DB0C728E1926FE4F0076C1A4 /* Simple.vert in Resources */,
				DBD3FEC61922D8EC000B293B /* Main.storyboard in Resources */,
				DB0C728D1926FE4F0076C1A4 /* Simple.frag in Resources */,
			);
			runOnlyForDeploymentPostprocessing = 0;
		};
		DBD3FECE1922D8EC000B293B /* Resources */ = {
			isa = PBXResourcesBuildPhase;
			buildActionMask = 2147483647;
			files = (
				DBD3FEDC1922D8EC000B293B /* InfoPlist.strings in Resources */,
			);
			runOnlyForDeploymentPostprocessing = 0;
		};
/* End PBXResourcesBuildPhase section */

/* Begin PBXSourcesBuildPhase section */
		DBD3FEAB1922D8EC000B293B /* Sources */ = {
			isa = PBXSourcesBuildPhase;
			buildActionMask = 2147483647;
			files = (
				DBD3FEC31922D8EC000B293B /* AppDelegate.mm in Sources */,
				DBD3FEBF1922D8EC000B293B /* main.mm in Sources */,
				DBD3FEED1922D981000B293B /* RenderingEngine1.cpp in Sources */,
				DBD3FEE91922D935000B293B /* GLView.mm in Sources */,
				DB0C72891926FD3D0076C1A4 /* RenderingEngine2.cpp in Sources */,
			);
			runOnlyForDeploymentPostprocessing = 0;
		};
		DBD3FECC1922D8EC000B293B /* Sources */ = {
			isa = PBXSourcesBuildPhase;
			buildActionMask = 2147483647;
			files = (
				DBD3FEDE1922D8EC000B293B /* TouchConeTests.m in Sources */,
			);
			runOnlyForDeploymentPostprocessing = 0;
		};
/* End PBXSourcesBuildPhase section */

/* Begin PBXTargetDependency section */
		DBD3FED61922D8EC000B293B /* PBXTargetDependency */ = {
			isa = PBXTargetDependency;
			target = DBD3FEAE1922D8EC000B293B /* TouchCone */;
			targetProxy = DBD3FED51922D8EC000B293B /* PBXContainerItemProxy */;
		};
/* End PBXTargetDependency section */

/* Begin PBXVariantGroup section */
		DBD3FEBB1922D8EC000B293B /* InfoPlist.strings */ = {
			isa = PBXVariantGroup;
			children = (
				DBD3FEBC1922D8EC000B293B /* en */,
			);
			name = InfoPlist.strings;
			sourceTree = "<group>";
		};
		DBD3FEC41922D8EC000B293B /* Main.storyboard */ = {
			isa = PBXVariantGroup;
			children = (
				DBD3FEC51922D8EC000B293B /* Base */,
			);
			name = Main.storyboard;
			sourceTree = "<group>";
		};
		DBD3FEDA1922D8EC000B293B /* InfoPlist.strings */ = {
			isa = PBXVariantGroup;
			children = (
				DBD3FEDB1922D8EC000B293B /* en */,
			);
			name = InfoPlist.strings;
			sourceTree = "<group>";
		};
/* End PBXVariantGroup section */

/* Begin XCBuildConfiguration section */
		DBD3FEDF1922D8EC000B293B /* Debug */ = {
			isa = XCBuildConfiguration;
			buildSettings = {
				ALWAYS_SEARCH_USER_PATHS = NO;
				CLANG_CXX_LANGUAGE_STANDARD = "gnu++0x";
				CLANG_CXX_LIBRARY = "libc++";
				CLANG_ENABLE_MODULES = YES;
				CLANG_ENABLE_OBJC_ARC = YES;
				CLANG_WARN_BOOL_CONVERSION = YES;
				CLANG_WARN_CONSTANT_CONVERSION = YES;
				CLANG_WARN_DIRECT_OBJC_ISA_USAGE = YES_ERROR;
				CLANG_WARN_EMPTY_BODY = YES;
				CLANG_WARN_ENUM_CONVERSION = YES;
				CLANG_WARN_INT_CONVERSION = YES;
				CLANG_WARN_OBJC_ROOT_CLASS = YES_ERROR;
				CLANG_WARN__DUPLICATE_METHOD_MATCH = YES;
				"CODE_SIGN_IDENTITY[sdk=iphoneos*]" = "iPhone Developer";
				COPY_PHASE_STRIP = NO;
				GCC_C_LANGUAGE_STANDARD = gnu99;
				GCC_DYNAMIC_NO_PIC = NO;
				GCC_OPTIMIZATION_LEVEL = 0;
				GCC_PREPROCESSOR_DEFINITIONS = (
					"DEBUG=1",
					"$(inherited)",
				);
				GCC_SYMBOLS_PRIVATE_EXTERN = NO;
				GCC_WARN_64_TO_32_BIT_CONVERSION = YES;
				GCC_WARN_ABOUT_RETURN_TYPE = YES_ERROR;
				GCC_WARN_UNDECLARED_SELECTOR = YES;
				GCC_WARN_UNINITIALIZED_AUTOS = YES_AGGRESSIVE;
				GCC_WARN_UNUSED_FUNCTION = YES;
				GCC_WARN_UNUSED_VARIABLE = YES;
				IPHONEOS_DEPLOYMENT_TARGET = 7.1;
				ONLY_ACTIVE_ARCH = YES;
				SDKROOT = iphoneos;
			};
			name = Debug;
		};
		DBD3FEE01922D8EC000B293B /* Release */ = {
			isa = XCBuildConfiguration;
			buildSettings = {
				ALWAYS_SEARCH_USER_PATHS = NO;
				CLANG_CXX_LANGUAGE_STANDARD = "gnu++0x";
				CLANG_CXX_LIBRARY = "libc++";
				CLANG_ENABLE_MODULES = YES;
				CLANG_ENABLE_OBJC_ARC = YES;
				CLANG_WARN_BOOL_CONVERSION = YES;
				CLANG_WARN_CONSTANT_CONVERSION = YES;
				CLANG_WARN_DIRECT_OBJC_ISA_USAGE = YES_ERROR;
				CLANG_WARN_EMPTY_BODY = YES;
				CLANG_WARN_ENUM_CONVERSION = YES;
				CLANG_WARN_INT_CONVERSION = YES;
				CLANG_WARN_OBJC_ROOT_CLASS = YES_ERROR;
				CLANG_WARN__DUPLICATE_METHOD_MATCH = YES;
				"CODE_SIGN_IDENTITY[sdk=iphoneos*]" = "iPhone Developer";
				COPY_PHASE_STRIP = YES;
				ENABLE_NS_ASSERTIONS = NO;
				GCC_C_LANGUAGE_STANDARD = gnu99;
				GCC_WARN_64_TO_32_BIT_CONVERSION = YES;
				GCC_WARN_ABOUT_RETURN_TYPE = YES_ERROR;
				GCC_WARN_UNDECLARED_SELECTOR = YES;
				GCC_WARN_UNINITIALIZED_AUTOS = YES_AGGRESSIVE;
				GCC_WARN_UNUSED_FUNCTION = YES;
				GCC_WARN_UNUSED_VARIABLE = YES;
				IPHONEOS_DEPLOYMENT_TARGET = 7.1;
				SDKROOT = iphoneos;
				VALIDATE_PRODUCT = YES;
			};
			name = Release;
		};
		DBD3FEE21922D8EC000B293B /* Debug */ = {
			isa = XCBuildConfiguration;
			buildSettings = {
				ASSETCATALOG_COMPILER_APPICON_NAME = AppIcon;
				ASSETCATALOG_COMPILER_LAUNCHIMAGE_NAME = LaunchImage;
				GCC_PRECOMPILE_PREFIX_HEADER = YES;
				GCC_PREFIX_HEADER = "TouchCone/TouchCone-Prefix.pch";
				INFOPLIST_FILE = "TouchCone/TouchCone-Info.plist";
				PRODUCT_NAME = "$(TARGET_NAME)";
				WRAPPER_EXTENSION = app;
			};
			name = Debug;
		};
		DBD3FEE31922D8EC000B293B /* Release */ = {
			isa = XCBuildConfiguration;
			buildSettings = {
				ASSETCATALOG_COMPILER_APPICON_NAME = AppIcon;
				ASSETCATALOG_COMPILER_LAUNCHIMAGE_NAME = LaunchImage;
				GCC_PRECOMPILE_PREFIX_HEADER = YES;
				GCC_PREFIX_HEADER = "TouchCone/TouchCone-Prefix.pch";
				INFOPLIST_FILE = "TouchCone/TouchCone-Info.plist";
				PRODUCT_NAME = "$(TARGET_NAME)";
				WRAPPER_EXTENSION = app;
			};
			name = Release;
		};
		DBD3FEE51922D8EC000B293B /* Debug */ = {
			isa = XCBuildConfiguration;
			buildSettings = {
				BUNDLE_LOADER = "$(BUILT_PRODUCTS_DIR)/TouchCone.app/TouchCone";
				FRAMEWORK_SEARCH_PATHS = (
					"$(SDKROOT)/Developer/Library/Frameworks",
					"$(inherited)",
					"$(DEVELOPER_FRAMEWORKS_DIR)",
				);
				GCC_PRECOMPILE_PREFIX_HEADER = YES;
				GCC_PREFIX_HEADER = "TouchCone/TouchCone-Prefix.pch";
				GCC_PREPROCESSOR_DEFINITIONS = (
					"DEBUG=1",
					"$(inherited)",
				);
				INFOPLIST_FILE = "TouchConeTests/TouchConeTests-Info.plist";
				PRODUCT_NAME = "$(TARGET_NAME)";
				TEST_HOST = "$(BUNDLE_LOADER)";
				WRAPPER_EXTENSION = xctest;
			};
			name = Debug;
		};
		DBD3FEE61922D8EC000B293B /* Release */ = {
			isa = XCBuildConfiguration;
			buildSettings = {
				BUNDLE_LOADER = "$(BUILT_PRODUCTS_DIR)/TouchCone.app/TouchCone";
				FRAMEWORK_SEARCH_PATHS = (
					"$(SDKROOT)/Developer/Library/Frameworks",
					"$(inherited)",
					"$(DEVELOPER_FRAMEWORKS_DIR)",
				);
				GCC_PRECOMPILE_PREFIX_HEADER = YES;
				GCC_PREFIX_HEADER = "TouchCone/TouchCone-Prefix.pch";
				INFOPLIST_FILE = "TouchConeTests/TouchConeTests-Info.plist";
				PRODUCT_NAME = "$(TARGET_NAME)";
				TEST_HOST = "$(BUNDLE_LOADER)";
				WRAPPER_EXTENSION = xctest;
			};
			name = Release;
		};
/* End XCBuildConfiguration section */

/* Begin XCConfigurationList section */
		DBD3FEAA1922D8EC000B293B /* Build configuration list for PBXProject "TouchCone" */ = {
			isa = XCConfigurationList;
			buildConfigurations = (
				DBD3FEDF1922D8EC000B293B /* Debug */,
				DBD3FEE01922D8EC000B293B /* Release */,
			);
			defaultConfigurationIsVisible = 0;
			defaultConfigurationName = Release;
		};
		DBD3FEE11922D8EC000B293B /* Build configuration list for PBXNativeTarget "TouchCone" */ = {
			isa = XCConfigurationList;
			buildConfigurations = (
				DBD3FEE21922D8EC000B293B /* Debug */,
				DBD3FEE31922D8EC000B293B /* Release */,
			);
			defaultConfigurationIsVisible = 0;
			defaultConfigurationName = Release;
		};
		DBD3FEE41922D8EC000B293B /* Build configuration list for PBXNativeTarget "TouchConeTests" */ = {
			isa = XCConfigurationList;
			buildConfigurations = (
				DBD3FEE51922D8EC000B293B /* Debug */,
				DBD3FEE61922D8EC000B293B /* Release */,
			);
			defaultConfigurationIsVisible = 0;
			defaultConfigurationName = Release;
		};
/* End XCConfigurationList section */
	};
	rootObject = DBD3FEA71922D8EC000B293B /* Project object */;
}
